
Microsoft Visual Studio Solution File, Format Version 12.00
# Visual Studio Version 17
VisualStudioVersion = 17.1.32421.90
MinimumVisualStudioVersion = 10.0.40219.1
Project("{8BC9CEB8-8B4A-11D0-8D11-00A0C91BC942}") = "C++ Final", "C++ Final\C++ Final.vcxproj", "{333802ED-6BDF-46F8-ADE9-66D52C95685A}"
EndProject
Global
	GlobalSection(SolutionConfigurationPlatforms) = preSolution
		Debug|x64 = Debug|x64
		Debug|x86 = Debug|x86
		Release|x64 = Release|x64
		Release|x86 = Release|x86
	EndGlobalSection
	GlobalSection(ProjectConfigurationPlatforms) = postSolution
		{333802ED-6BDF-46F8-ADE9-66D52C95685A}.Debug|x64.ActiveCfg = Debug|x64
		{333802ED-6BDF-46F8-ADE9-66D52C95685A}.Debug|x64.Build.0 = Debug|x64
		{333802ED-6BDF-46F8-ADE9-66D52C95685A}.Debug|x86.ActiveCfg = Debug|Win32
		{333802ED-6BDF-46F8-ADE9-66D52C95685A}.Debug|x86.Build.0 = Debug|Win32
		{333802ED-6BDF-46F8-ADE9-66D52C95685A}.Release|x64.ActiveCfg = Release|x64
		{333802ED-6BDF-46F8-ADE9-66D52C95685A}.Release|x64.Build.0 = Release|x64
		{333802ED-6BDF-46F8-ADE9-66D52C95685A}.Release|x86.ActiveCfg = Release|Win32
		{333802ED-6BDF-46F8-ADE9-66D52C95685A}.Release|x86.Build.0 = Release|Win32
	EndGlobalSection
	GlobalSection(SolutionProperties) = preSolution
		HideSolutionNode = FALSE
	EndGlobalSection
	GlobalSection(ExtensibilityGlobals) = postSolution
		SolutionGuid = {C9F82B7E-9B4F-42B2-8A80-930EE6309837}
	EndGlobalSection
EndGlobal
